<Solution>
  <Folder Name="/tools/">
    <Project Path="tools/DotNetG2P.SpanishEval/DotNetG2P.SpanishEval.csproj" />
    <Project Path="tools/DotNetG2P.FrenchEval/DotNetG2P.FrenchEval.csproj" />
    <Project Path="tools/DotNetG2P.PortugueseEval/DotNetG2P.PortugueseEval.csproj" />
  </Folder>
  <Folder Name="/samples/">
    <Project Path="samples/DotNetG2P.Console/DotNetG2P.Console.csproj" />
  </Folder>
  <Folder Name="/src/">
    <Project Path="src/DotNetG2P.Core/DotNetG2P.Core.csproj" />
    <Project Path="src/DotNetG2P.Chinese/DotNetG2P.Chinese.csproj" />
    <Project Path="src/DotNetG2P.English/DotNetG2P.English.csproj" />
    <Project Path="src/DotNetG2P.Korean/DotNetG2P.Korean.csproj" />
    <Project Path="src/DotNetG2P.MeCab/DotNetG2P.MeCab.csproj" />
    <Project Path="src/DotNetG2P.Multilingual/DotNetG2P.Multilingual.csproj" />
    <Project Path="src/DotNetG2P.Spanish/DotNetG2P.Spanish.csproj" />
    <Project Path="src/DotNetG2P.French/DotNetG2P.French.csproj" />
    <Project Path="src/DotNetG2P.Portuguese/DotNetG2P.Portuguese.csproj" />
  </Folder>
  <Folder Name="/tests/">
    <Project Path="tests/DotNetG2P.Benchmarks/DotNetG2P.Benchmarks.csproj" />
    <Project Path="tests/DotNetG2P.PublishSmoke/DotNetG2P.PublishSmoke.csproj" />
    <Project Path="tests/DotNetG2P.Tests/DotNetG2P.Tests.csproj" />
  </Folder>
</Solution>
